
Microsoft Visual Studio Solution File, Format Version 12.00
# Visual Studio Version 16
VisualStudioVersion = 16.0.32901.82
MinimumVisualStudioVersion = 10.0.40219.1
Project("{FAE04EC0-301F-11D3-BF4B-00C04F79EFBC}") = "IntermediarioPOO", "IntermediarioPOO.csproj", "{CF3A3572-B19C-4EC5-9BB7-2391D5C8F1FE}"
EndProject
Global
	GlobalSection(SolutionConfigurationPlatforms) = preSolution
		Debug|Any CPU = Debug|Any CPU
		Release|Any CPU = Release|Any CPU
	EndGlobalSection
	GlobalSection(ProjectConfigurationPlatforms) = postSolution
		{CF3A3572-B19C-4EC5-9BB7-2391D5C8F1FE}.Debug|Any CPU.ActiveCfg = Debug|Any CPU
		{CF3A3572-B19C-4EC5-9BB7-2391D5C8F1FE}.Debug|Any CPU.Build.0 = Debug|Any CPU
		{CF3A3572-B19C-4EC5-9BB7-2391D5C8F1FE}.Release|Any CPU.ActiveCfg = Release|Any CPU
		{CF3A3572-B19C-4EC5-9BB7-2391D5C8F1FE}.Release|Any CPU.Build.0 = Release|Any CPU
	EndGlobalSection
	GlobalSection(SolutionProperties) = preSolution
		HideSolutionNode = FALSE
	EndGlobalSection
	GlobalSection(ExtensibilityGlobals) = postSolution
		SolutionGuid = {CF0B3A2C-D50A-4337-B736-1585C8497AD4}
	EndGlobalSection
EndGlobal
