
Microsoft Visual Studio Solution File, Format Version 12.00
# Visual Studio Version 16
VisualStudioVersion = 16.0.32901.82
MinimumVisualStudioVersion = 10.0.40219.1
Project("{FAE04EC0-301F-11D3-BF4B-00C04F79EFBC}") = "BasicoPOO", "BasicoPOO.csproj", "{97F59B63-86CA-49C5-989E-13B28C95CFC3}"
EndProject
Global
	GlobalSection(SolutionConfigurationPlatforms) = preSolution
		Debug|Any CPU = Debug|Any CPU
		Release|Any CPU = Release|Any CPU
	EndGlobalSection
	GlobalSection(ProjectConfigurationPlatforms) = postSolution
		{97F59B63-86CA-49C5-989E-13B28C95CFC3}.Debug|Any CPU.ActiveCfg = Debug|Any CPU
		{97F59B63-86CA-49C5-989E-13B28C95CFC3}.Debug|Any CPU.Build.0 = Debug|Any CPU
		{97F59B63-86CA-49C5-989E-13B28C95CFC3}.Release|Any CPU.ActiveCfg = Release|Any CPU
		{97F59B63-86CA-49C5-989E-13B28C95CFC3}.Release|Any CPU.Build.0 = Release|Any CPU
	EndGlobalSection
	GlobalSection(SolutionProperties) = preSolution
		HideSolutionNode = FALSE
	EndGlobalSection
	GlobalSection(ExtensibilityGlobals) = postSolution
		SolutionGuid = {94D80DF9-B349-4F27-AA96-7B43941474BE}
	EndGlobalSection
EndGlobal
